
Microsoft Visual Studio Solution File, Format Version 12.00
# Visual Studio Version 17
VisualStudioVersion = 17.9.34622.214
MinimumVisualStudioVersion = 10.0.40219.1
Project("{9A19103F-16F7-4668-BE54-9A1E7A4F7556}") = "SatrancMantigi", "SatrancMantigi\SatrancMantigi.csproj", "{62256B06-804A-419D-BFB1-4A3B31666770}"
EndProject
Project("{9A19103F-16F7-4668-BE54-9A1E7A4F7556}") = "SatrancArayuzu", "SatrancArayuzu\SatrancArayuzu.csproj", "{2E60C0E6-D16B-4D7A-AE9C-E17C117CFC4F}"
EndProject
Global
	GlobalSection(SolutionConfigurationPlatforms) = preSolution
		Debug|Any CPU = Debug|Any CPU
		Release|Any CPU = Release|Any CPU
	EndGlobalSection
	GlobalSection(ProjectConfigurationPlatforms) = postSolution
		{62256B06-804A-419D-BFB1-4A3B31666770}.Debug|Any CPU.ActiveCfg = Debug|Any CPU
		{62256B06-804A-419D-BFB1-4A3B31666770}.Debug|Any CPU.Build.0 = Debug|Any CPU
		{62256B06-804A-419D-BFB1-4A3B31666770}.Release|Any CPU.ActiveCfg = Release|Any CPU
		{62256B06-804A-419D-BFB1-4A3B31666770}.Release|Any CPU.Build.0 = Release|Any CPU
		{2E60C0E6-D16B-4D7A-AE9C-E17C117CFC4F}.Debug|Any CPU.ActiveCfg = Debug|Any CPU
		{2E60C0E6-D16B-4D7A-AE9C-E17C117CFC4F}.Debug|Any CPU.Build.0 = Debug|Any CPU
		{2E60C0E6-D16B-4D7A-AE9C-E17C117CFC4F}.Release|Any CPU.ActiveCfg = Release|Any CPU
		{2E60C0E6-D16B-4D7A-AE9C-E17C117CFC4F}.Release|Any CPU.Build.0 = Release|Any CPU
	EndGlobalSection
	GlobalSection(SolutionProperties) = preSolution
		HideSolutionNode = FALSE
	EndGlobalSection
	GlobalSection(ExtensibilityGlobals) = postSolution
		SolutionGuid = {FE66FD2D-179E-47A3-8BF3-A8B4D3361470}
	EndGlobalSection
EndGlobal
